
Microsoft Visual Studio Solution File, Format Version 12.00
# Visual Studio Version 17
VisualStudioVersion = 17.4.33122.133
MinimumVisualStudioVersion = 10.0.40219.1
Project("{9A19103F-16F7-4668-BE54-9A1E7A4F7556}") = "Booking.Web", "Gymbokning\Booking.Web.csproj", "{5E245F8E-8583-4C69-93E5-CB14EBA35C40}"
EndProject
Project("{9A19103F-16F7-4668-BE54-9A1E7A4F7556}") = "Booking.Core", "Booking.Core\Booking.Core.csproj", "{7893231A-2E5E-4C71-B19C-A9A3040FC18B}"
EndProject
Project("{FAE04EC0-301F-11D3-BF4B-00C04F79EFBC}") = "Booking.Data", "Booking.Data\Booking.Data.csproj", "{BC992686-38AD-475F-9A6F-73E74345AEA7}"
EndProject
Global
	GlobalSection(SolutionConfigurationPlatforms) = preSolution
		Debug|Any CPU = Debug|Any CPU
		Release|Any CPU = Release|Any CPU
	EndGlobalSection
	GlobalSection(ProjectConfigurationPlatforms) = postSolution
		{5E245F8E-8583-4C69-93E5-CB14EBA35C40}.Debug|Any CPU.ActiveCfg = Debug|Any CPU
		{5E245F8E-8583-4C69-93E5-CB14EBA35C40}.Debug|Any CPU.Build.0 = Debug|Any CPU
		{5E245F8E-8583-4C69-93E5-CB14EBA35C40}.Release|Any CPU.ActiveCfg = Release|Any CPU
		{5E245F8E-8583-4C69-93E5-CB14EBA35C40}.Release|Any CPU.Build.0 = Release|Any CPU
		{7893231A-2E5E-4C71-B19C-A9A3040FC18B}.Debug|Any CPU.ActiveCfg = Debug|Any CPU
		{7893231A-2E5E-4C71-B19C-A9A3040FC18B}.Debug|Any CPU.Build.0 = Debug|Any CPU
		{7893231A-2E5E-4C71-B19C-A9A3040FC18B}.Release|Any CPU.ActiveCfg = Release|Any CPU
		{7893231A-2E5E-4C71-B19C-A9A3040FC18B}.Release|Any CPU.Build.0 = Release|Any CPU
		{BC992686-38AD-475F-9A6F-73E74345AEA7}.Debug|Any CPU.ActiveCfg = Debug|Any CPU
		{BC992686-38AD-475F-9A6F-73E74345AEA7}.Debug|Any CPU.Build.0 = Debug|Any CPU
		{BC992686-38AD-475F-9A6F-73E74345AEA7}.Release|Any CPU.ActiveCfg = Release|Any CPU
		{BC992686-38AD-475F-9A6F-73E74345AEA7}.Release|Any CPU.Build.0 = Release|Any CPU
	EndGlobalSection
	GlobalSection(SolutionProperties) = preSolution
		HideSolutionNode = FALSE
	EndGlobalSection
	GlobalSection(ExtensibilityGlobals) = postSolution
		SolutionGuid = {12FDF71E-5762-424B-BD9B-B4BC42759F99}
	EndGlobalSection
EndGlobal
